Microsoft Visual Studio Solution File, Format Version 12.00
# Visual Studio 15
VisualStudioVersion = 15.0.26430.12
MinimumVisualStudioVersion = 15.0.26124.0
Project("{2150E333-8FDC-42A3-9474-1A3956D46DE8}") = "src", "src", "{FB8E6D75-12FF-4A75-8DFC-7C75A8E25A7E}"
EndProject
Project("{FAE04EC0-301F-11D3-BF4B-00C04F79EFBC}") = "Unity.Extras.AutoFactory", "src\Unity.Extras.AutoFactory\Unity.Extras.AutoFactory.csproj", "{3C1EE5D6-5DDA-4ABC-AAD2-8FFD3D43E38E}"
EndProject
Project("{2150E333-8FDC-42A3-9474-1A3956D46DE8}") = "tests", "tests", "{DA58815E-35A5-45D0-8451-A00A4B7F8726}"
EndProject
Project("{FAE04EC0-301F-11D3-BF4B-00C04F79EFBC}") = "Unity.Extras.AutoFactory.Tests", "tests\Unity.Extras.AutoFactory.Tests\Unity.Extras.AutoFactory.Tests.csproj", "{563A252C-4BC1-47AC-9362-3250C30B8710}"
EndProject
Global
	GlobalSection(SolutionConfigurationPlatforms) = preSolution
		Debug|Any CPU = Debug|Any CPU
		Release|Any CPU = Release|Any CPU
	EndGlobalSection
	GlobalSection(ProjectConfigurationPlatforms) = postSolution
		{3C1EE5D6-5DDA-4ABC-AAD2-8FFD3D43E38E}.Debug|Any CPU.ActiveCfg = Debug|Any CPU
		{3C1EE5D6-5DDA-4ABC-AAD2-8FFD3D43E38E}.Debug|Any CPU.Build.0 = Debug|Any CPU
		{3C1EE5D6-5DDA-4ABC-AAD2-8FFD3D43E38E}.Release|Any CPU.ActiveCfg = Release|Any CPU
		{3C1EE5D6-5DDA-4ABC-AAD2-8FFD3D43E38E}.Release|Any CPU.Build.0 = Release|Any CPU
		{563A252C-4BC1-47AC-9362-3250C30B8710}.Debug|Any CPU.ActiveCfg = Debug|Any CPU
		{563A252C-4BC1-47AC-9362-3250C30B8710}.Debug|Any CPU.Build.0 = Debug|Any CPU
		{563A252C-4BC1-47AC-9362-3250C30B8710}.Release|Any CPU.ActiveCfg = Release|Any CPU
		{563A252C-4BC1-47AC-9362-3250C30B8710}.Release|Any CPU.Build.0 = Release|Any CPU
	EndGlobalSection
	GlobalSection(SolutionProperties) = preSolution
		HideSolutionNode = FALSE
	EndGlobalSection
	GlobalSection(NestedProjects) = preSolution
		{3C1EE5D6-5DDA-4ABC-AAD2-8FFD3D43E38E} = {FB8E6D75-12FF-4A75-8DFC-7C75A8E25A7E}
		{563A252C-4BC1-47AC-9362-3250C30B8710} = {DA58815E-35A5-45D0-8451-A00A4B7F8726}
	EndGlobalSection
EndGlobal
